
Microsoft Visual Studio Solution File, Format Version 12.00
# Visual Studio Version 17
VisualStudioVersion = 17.6.33723.286
MinimumVisualStudioVersion = 10.0.40219.1
Project("{FAE04EC0-301F-11D3-BF4B-00C04F79EFBC}") = "HealthMonitorFA56", "HealthMonitorFA56.csproj", "{ED5A2950-EEC6-4524-98E7-21D056786D19}"
EndProject
Global
	GlobalSection(SolutionConfigurationPlatforms) = preSolution
		Debug|Any CPU = Debug|Any CPU
		Release|Any CPU = Release|Any CPU
	EndGlobalSection
	GlobalSection(ProjectConfigurationPlatforms) = postSolution
		{ED5A2950-EEC6-4524-98E7-21D056786D19}.Debug|Any CPU.ActiveCfg = Debug|Any CPU
		{ED5A2950-EEC6-4524-98E7-21D056786D19}.Debug|Any CPU.Build.0 = Debug|Any CPU
		{ED5A2950-EEC6-4524-98E7-21D056786D19}.Release|Any CPU.ActiveCfg = Release|Any CPU
		{ED5A2950-EEC6-4524-98E7-21D056786D19}.Release|Any CPU.Build.0 = Release|Any CPU
	EndGlobalSection
	GlobalSection(SolutionProperties) = preSolution
		HideSolutionNode = FALSE
	EndGlobalSection
	GlobalSection(ExtensibilityGlobals) = postSolution
		SolutionGuid = {98881884-3A2E-4DBD-BAFB-64677914193D}
	EndGlobalSection
EndGlobal
